<?xml version="1.0" encoding="utf-8"?>
<Project ToolsVersion="4.0" xmlns="http://schemas.microsoft.com/developer/msbuild/2003">
  <ItemGroup>
    <Filter Include="Source Files">
      <UniqueIdentifier>{4FC737F1-C7A5-4376-A066-2A32D752A2FF}</UniqueIdentifier>
      <Extensions>cpp;c;cc;cxx;c++;cppm;ixx;def;odl;idl;hpj;bat;asm;asmx</Extensions>
    </Filter>
    <Filter Include="Header Files">
      <UniqueIdentifier>{93995380-89BD-4b04-88EB-625FBE52EBFB}</UniqueIdentifier>
      <Extensions>h;hh;hpp;hxx;h++;hm;inl;inc;ipp;xsd</Extensions>
    </Filter>
    <Filter Include="Resource Files">
      <UniqueIdentifier>{67DA6AB6-F800-4c08-8B7A-83BB121AAD01}</UniqueIdentifier>
      <Extensions>rc;ico;cur;bmp;dlg;rc2;rct;bin;rgs;gif;jpg;jpeg;jpe;resx;tiff;tif;png;wav;mfcribbon-ms</Extensions>
    </Filter>
    <Filter Include="Header Files\bindable">
      <UniqueIdentifier>{9e9214bf-673d-464f-ba77-2c3da097f3ce}</UniqueIdentifier>
    </Filter>
    <Filter Include="Source Files\bindable">
      <UniqueIdentifier>{ef8d4bbf-1f33-4964-91ae-bee386bcdda5}</UniqueIdentifier>
    </Filter>
  </ItemGroup>
  <ItemGroup>
    <ClInclude Include="framework.h">
      <Filter>Header Files</Filter>
    </ClInclude>
    <ClInclude Include="pch.h">
      <Filter>Header Files</Filter>
    </ClInclude>
    <ClInclude Include="geometric_buffer.h">
      <Filter>Header Files</Filter>
    </ClInclude>
    <ClInclude Include="graphic.h">
      <Filter>Header Files</Filter>
    </ClInclude>
    <ClInclude Include="graphics_throw_macros.h">
      <Filter>Header Files</Filter>
    </ClInclude>
    <ClInclude Include="render_target.h">
      <Filter>Header Files</Filter>
    </ClInclude>
    <ClInclude Include="bindable_components.h">
      <Filter>Header Files</Filter>
    </ClInclude>
    <ClInclude Include="constant_buffer.h">
      <Filter>Header Files</Filter>
    </ClInclude>
    <ClInclude Include="dxerr.h">
      <Filter>Header Files</Filter>
    </ClInclude>
    <ClInclude Include="DxgiInfoManager.h">
      <Filter>Header Files</Filter>
    </ClInclude>
    <ClInclude Include="dynamic_buffer.h">
      <Filter>Header Files</Filter>
    </ClInclude>
    <ClInclude Include="IBindable.h">
      <Filter>Header Files</Filter>
    </ClInclude>
    <ClInclude Include="idrawable.h">
      <Filter>Header Files</Filter>
    </ClInclude>
    <ClInclude Include="index_buffer.h">
      <Filter>Header Files</Filter>
    </ClInclude>
    <ClInclude Include="input_layout.h">
      <Filter>Header Files</Filter>
    </ClInclude>
    <ClInclude Include="pixel_shader.h">
      <Filter>Header Files</Filter>
    </ClInclude>
    <ClInclude Include="Texture.h">
      <Filter>Header Files</Filter>
    </ClInclude>
    <ClInclude Include="topology.h">
      <Filter>Header Files</Filter>
    </ClInclude>
    <ClInclude Include="Vertex.h">
      <Filter>Header Files</Filter>
    </ClInclude>
    <ClInclude Include="vertex_buffer.h">
      <Filter>Header Files</Filter>
    </ClInclude>
    <ClInclude Include="vertex_shader.h">
      <Filter>Header Files</Filter>
    </ClInclude>
  </ItemGroup>
  <ItemGroup>
    <ClCompile Include="graphic.cpp">
      <Filter>Source Files</Filter>
    </ClCompile>
    <ClCompile Include="pch.cpp">
      <Filter>Source Files</Filter>
    </ClCompile>
    <ClCompile Include="geometric_buffer.cpp">
      <Filter>Source Files</Filter>
    </ClCompile>
    <ClCompile Include="render_target.cpp">
      <Filter>Source Files</Filter>
    </ClCompile>
    <ClCompile Include="dxerr.cpp">
      <Filter>Source Files</Filter>
    </ClCompile>
    <ClCompile Include="DxgiInfoManager.cpp">
      <Filter>Source Files</Filter>
    </ClCompile>
    <ClCompile Include="dynamic_buffer.cpp">
      <Filter>Source Files</Filter>
    </ClCompile>
    <ClCompile Include="index_buffer.cpp">
      <Filter>Source Files</Filter>
    </ClCompile>
    <ClCompile Include="Input_layout.cpp">
      <Filter>Source Files</Filter>
    </ClCompile>
    <ClCompile Include="pixel_shader.cpp">
      <Filter>Source Files</Filter>
    </ClCompile>
    <ClCompile Include="texture.cpp">
      <Filter>Source Files</Filter>
    </ClCompile>
    <ClCompile Include="topology.cpp">
      <Filter>Source Files</Filter>
    </ClCompile>
    <ClCompile Include="vertex_buffer.cpp">
      <Filter>Source Files</Filter>
    </ClCompile>
    <ClCompile Include="vertex_shader.cpp">
      <Filter>Source Files</Filter>
    </ClCompile>
  </ItemGroup>
  <ItemGroup>
    <None Include="DXGetErrorDescription.inl">
      <Filter>Header Files</Filter>
    </None>
    <None Include="DXGetErrorString.inl">
      <Filter>Header Files</Filter>
    </None>
    <None Include="DXTrace.inl">
      <Filter>Header Files</Filter>
    </None>
    <None Include="packages.config" />
  </ItemGroup>
</Project>