<?xml version="1.0" encoding="utf-8"?>
<Project ToolsVersion="4.0" xmlns="http://schemas.microsoft.com/developer/msbuild/2003">
  <ItemGroup>
    <FxCompile Include="shaders\VertexShader.hlsl">
      <Filter>resource\shader</Filter>
    </FxCompile>
    <FxCompile Include="shaders\PixelShader.hlsl">
      <Filter>resource\shader</Filter>
    </FxCompile>
    <FxCompile Include="shaders\GridPixel.hlsl">
      <Filter>resource\shader</Filter>
    </FxCompile>
    <FxCompile Include="shaders\GridVertex.hlsl">
      <Filter>resource\shader</Filter>
    </FxCompile>
    <FxCompile Include="shaders\finalPassPixel.hlsl">
      <Filter>resource\shader</Filter>
    </FxCompile>
    <FxCompile Include="shaders\finalPassVertex.hlsl">
      <Filter>resource\shader</Filter>
    </FxCompile>
  </ItemGroup>
  <ItemGroup>
    <ClCompile Include="lib\common\geometry_cast.cpp" />
    <ClCompile Include="main.cpp" />
    <ClCompile Include="lib\Time\timer.cpp" />
    <ClCompile Include="lib\common\app.cpp">
      <Filter>app</Filter>
    </ClCompile>
    <ClCompile Include="lib\systems\camera_controller.cpp">
      <Filter>systems</Filter>
    </ClCompile>
    <ClCompile Include="lib\systems\cell_game.cpp">
      <Filter>systems</Filter>
    </ClCompile>
    <ClCompile Include="lib\common\custom_app.cpp">
      <Filter>app</Filter>
    </ClCompile>
    <ClCompile Include="lib\systems\orientation_system.cpp">
      <Filter>systems</Filter>
    </ClCompile>
    <ClCompile Include="lib\systems\parent_system.cpp">
      <Filter>systems</Filter>
    </ClCompile>
    <ClCompile Include="lib\exeption\pointed_exception.cpp">
      <Filter>app</Filter>
    </ClCompile>
    <ClCompile Include="lib\systems\render_system.cpp">
      <Filter>systems</Filter>
    </ClCompile>
    <ClCompile Include="lib\systems\text_render_system.cpp">
      <Filter>systems</Filter>
    </ClCompile>
    <ClCompile Include="lib\systems\timed_rotationt_system.cpp">
      <Filter>systems</Filter>
    </ClCompile>
    <ClCompile Include="lib\systems\ui_text_render.cpp">
      <Filter>systems</Filter>
    </ClCompile>
    <ClCompile Include="lib\cstdmf\string_converter.cpp">
      <Filter>cstdmf</Filter>
    </ClCompile>
    <ClCompile Include="lib\systems\tile_system.cpp">
      <Filter>systems</Filter>
    </ClCompile>
    <ClCompile Include="lib\systems\fps_counter_system.cpp">
      <Filter>systems</Filter>
    </ClCompile>
    <ClCompile Include="lib\systems\editor_grid_render.cpp">
      <Filter>systems</Filter>
    </ClCompile>
    <ClCompile Include="lib\third_party\pugixml\src\pugixml.cpp">
      <Filter>third_party\pugixml</Filter>
    </ClCompile>
    <ClCompile Include="lib\cstdmf\file_system.cpp">
      <Filter>cstdmf</Filter>
    </ClCompile>
    <ClCompile Include="lib\serialization\default.cpp">
      <Filter>serialization</Filter>
    </ClCompile>
    <ClCompile Include="lib\serialization\scene_loader.cpp">
      <Filter>serialization</Filter>
    </ClCompile>
    <ClCompile Include="lib\serialization\xml_parser.cpp">
      <Filter>serialization</Filter>
    </ClCompile>
  </ItemGroup>
  <ItemGroup>
    <ClInclude Include="lib\common\geometry_cast.h" />
    <ClInclude Include="lib\Time\timer.h" />
    <ClInclude Include="lib\common\app.h">
      <Filter>app</Filter>
    </ClInclude>
    <ClInclude Include="lib\systems\camera_controller.h">
      <Filter>systems</Filter>
    </ClInclude>
    <ClInclude Include="lib\systems\cell_game.h">
      <Filter>systems</Filter>
    </ClInclude>
    <ClInclude Include="lib\components\game_cell.h">
      <Filter>components</Filter>
    </ClInclude>
    <ClInclude Include="lib\systems\orientation_system.h">
      <Filter>systems</Filter>
    </ClInclude>
    <ClInclude Include="lib\systems\parent_system.h">
      <Filter>systems</Filter>
    </ClInclude>
    <ClInclude Include="lib\exeption\pointed_exception.h">
      <Filter>app</Filter>
    </ClInclude>
    <ClInclude Include="lib\components\parent.h">
      <Filter>components</Filter>
    </ClInclude>
    <ClInclude Include="lib\components\render.h">
      <Filter>components</Filter>
    </ClInclude>
    <ClInclude Include="lib\systems\render_system.h">
      <Filter>systems</Filter>
    </ClInclude>
    <ClInclude Include="lib\components\text.h">
      <Filter>components</Filter>
    </ClInclude>
    <ClInclude Include="lib\systems\text_render_system.h">
      <Filter>systems</Filter>
    </ClInclude>
    <ClInclude Include="lib\systems\timed_rotationt_system.h">
      <Filter>systems</Filter>
    </ClInclude>
    <ClInclude Include="lib\systems\ui_text_render.h">
      <Filter>systems</Filter>
    </ClInclude>
    <ClInclude Include="lib\components\timed_rotation.h">
      <Filter>components</Filter>
    </ClInclude>
    <ClInclude Include="lib\components\text_ui.h">
      <Filter>components</Filter>
    </ClInclude>
    <ClInclude Include="lib\components\transform.h">
      <Filter>components</Filter>
    </ClInclude>
    <ClInclude Include="resource.h">
      <Filter>resource</Filter>
    </ClInclude>
    <ClInclude Include="xml_parser.hpp" />
    <ClInclude Include="lib\cstdmf\string_converter.h">
      <Filter>cstdmf</Filter>
    </ClInclude>
    <ClInclude Include="lib\components\fps_counter.h">
      <Filter>components</Filter>
    </ClInclude>
    <ClInclude Include="lib\components\tilemap.h">
      <Filter>components</Filter>
    </ClInclude>
    <ClInclude Include="lib\systems\tile_system.h">
      <Filter>systems</Filter>
    </ClInclude>
    <ClInclude Include="lib\systems\fps_counter_system.h">
      <Filter>systems</Filter>
    </ClInclude>
    <ClInclude Include="lib\systems\editor_grid_render.h">
      <Filter>systems</Filter>
    </ClInclude>
    <ClInclude Include="lib\third_party\pugixml\src\pugixml.hpp">
      <Filter>third_party\pugixml</Filter>
    </ClInclude>
    <ClInclude Include="lib\cstdmf\file_system.h">
      <Filter>cstdmf</Filter>
    </ClInclude>
    <ClInclude Include="lib\serialization\base.h">
      <Filter>serialization</Filter>
    </ClInclude>
    <ClInclude Include="lib\serialization\default.h">
      <Filter>serialization</Filter>
    </ClInclude>
    <ClInclude Include="lib\serialization\resource_serializers.h">
      <Filter>serialization</Filter>
    </ClInclude>
    <ClInclude Include="lib\serialization\scene_loader.hpp">
      <Filter>serialization</Filter>
    </ClInclude>
    <ClInclude Include="lib\serialization\xml_parser.hpp">
      <Filter>serialization</Filter>
    </ClInclude>
  </ItemGroup>
  <ItemGroup>
    <Image Include="resource\test_texture.dds">
      <Filter>resource\texture</Filter>
    </Image>
    <Image Include="resource\empty.dds">
      <Filter>resource\texture</Filter>
    </Image>
  </ItemGroup>
  <ItemGroup>
    <None Include="packages.config" />
    <None Include="resource\myfile.spritefont">
      <Filter>resource\font</Filter>
    </None>
    <None Include="build\codegenerators\init.lua">
      <Filter>build\codegenerators</Filter>
    </None>
    <None Include="shaders\finalPassPixel.cso">
      <Filter>resource\shader</Filter>
    </None>
    <None Include="shaders\finalPassVertex.cso">
      <Filter>resource\shader</Filter>
    </None>
  </ItemGroup>
  <ItemGroup>
    <Filter Include="app">
      <UniqueIdentifier>{3c027019-46e0-4789-8673-db77c40fda02}</UniqueIdentifier>
    </Filter>
    <Filter Include="resource">
      <UniqueIdentifier>{1e299217-a286-4f8c-8223-043481a14fdb}</UniqueIdentifier>
    </Filter>
    <Filter Include="resource\shader">
      <UniqueIdentifier>{42557f3d-3e69-4aa6-b5f6-9fb74d5c9c97}</UniqueIdentifier>
    </Filter>
    <Filter Include="resource\texture">
      <UniqueIdentifier>{328d58f4-2332-4cfd-8415-f686d2e7c9dc}</UniqueIdentifier>
    </Filter>
    <Filter Include="resource\font">
      <UniqueIdentifier>{b888e108-6451-4abf-bb81-415993123fe8}</UniqueIdentifier>
    </Filter>
    <Filter Include="third_party">
      <UniqueIdentifier>{704c3c71-250c-48ad-82ff-2fdb61017cbf}</UniqueIdentifier>
    </Filter>
    <Filter Include="third_party\pugixml">
      <UniqueIdentifier>{c98afe7b-009e-4bcb-8769-dd37e5e17063}</UniqueIdentifier>
    </Filter>
    <Filter Include="build">
      <UniqueIdentifier>{34433bf9-3898-4af3-91a0-df6b2663cfdc}</UniqueIdentifier>
    </Filter>
    <Filter Include="build\codegenerators">
      <UniqueIdentifier>{f4adeef3-b9d7-4fa8-8036-b9e4d804952d}</UniqueIdentifier>
    </Filter>
    <Filter Include="cstdmf">
      <UniqueIdentifier>{03e1fef6-3afc-4a93-ae6d-d157586fd1b0}</UniqueIdentifier>
    </Filter>
    <Filter Include="components">
      <UniqueIdentifier>{d228440a-89cf-4147-b994-b4e9c155776b}</UniqueIdentifier>
    </Filter>
    <Filter Include="systems">
      <UniqueIdentifier>{8d507a13-3c87-404b-981f-d0cb11508931}</UniqueIdentifier>
    </Filter>
    <Filter Include="serialization">
      <UniqueIdentifier>{87cddb8a-9268-4dad-ac71-c13a650f8538}</UniqueIdentifier>
    </Filter>
  </ItemGroup>
</Project>