<?xml version="1.0" encoding="utf-8"?>
<Project ToolsVersion="4.0" xmlns="http://schemas.microsoft.com/developer/msbuild/2003">
  <ItemGroup>
    <FxCompile Include="shaders\VertexShader.hlsl">
      <Filter>resource\shader</Filter>
    </FxCompile>
    <FxCompile Include="shaders\PixelShader.hlsl">
      <Filter>resource\shader</Filter>
    </FxCompile>
  </ItemGroup>
  <ItemGroup>
    <ClCompile Include="lib\common\geometry.cpp" />
    <ClCompile Include="lib\common\geometry_cast.cpp" />
    <ClCompile Include="lib\common\transform_utils.cpp" />
    <ClCompile Include="main.cpp" />
    <ClCompile Include="lib\Time\timer.cpp" />
    <ClCompile Include="lib\common\app.cpp">
      <Filter>app</Filter>
    </ClCompile>
    <ClCompile Include="lib\common\Scene\Camera\camera.cpp">
      <Filter>scene</Filter>
    </ClCompile>
    <ClCompile Include="lib\systems\camera_controller.cpp">
      <Filter>system</Filter>
    </ClCompile>
    <ClCompile Include="lib\systems\cell_game.cpp">
      <Filter>system</Filter>
    </ClCompile>
    <ClCompile Include="lib\common\Scene\component_manager.cpp">
      <Filter>scene</Filter>
    </ClCompile>
    <ClCompile Include="lib\common\Scene\component_pool.cpp">
      <Filter>scene</Filter>
    </ClCompile>
    <ClCompile Include="lib\graphics\Drawable\BindComponent\constant_buffer.cpp">
      <Filter>visual</Filter>
    </ClCompile>
    <ClCompile Include="lib\common\custom_app.cpp">
      <Filter>app</Filter>
    </ClCompile>
    <ClCompile Include="lib\direct\dxerr.cpp">
      <Filter>visual\directX</Filter>
    </ClCompile>
    <ClCompile Include="lib\direct\DxgiInfoManager.cpp">
      <Filter>app</Filter>
    </ClCompile>
    <ClCompile Include="lib\common\Scene\entity.cpp">
      <Filter>scene</Filter>
    </ClCompile>
    <ClCompile Include="lib\common\Scene\entity_manager.cpp">
      <Filter>scene</Filter>
    </ClCompile>
    <ClCompile Include="lib\graphics\graphics.cpp">
      <Filter>app</Filter>
    </ClCompile>
    <ClCompile Include="lib\common\Scene\icomponent_pool.cpp">
      <Filter>scene</Filter>
    </ClCompile>
    <ClCompile Include="lib\graphics\Drawable\BindComponent\index_buffer.cpp">
      <Filter>visual</Filter>
    </ClCompile>
    <ClCompile Include="lib\common\input.cpp">
      <Filter>app</Filter>
    </ClCompile>
    <ClCompile Include="lib\common\input_handler.cpp">
      <Filter>app</Filter>
    </ClCompile>
    <ClCompile Include="lib\graphics\Drawable\BindComponent\Input_layout.cpp">
      <Filter>visual</Filter>
    </ClCompile>
    <ClCompile Include="lib\components\material.cpp">
      <Filter>visual</Filter>
    </ClCompile>
    <ClCompile Include="lib\components\mesh.cpp">
      <Filter>component</Filter>
    </ClCompile>
    <ClCompile Include="lib\components\mesh_iternal.cpp">
      <Filter>scene</Filter>
    </ClCompile>
    <ClCompile Include="lib\common\Scene\mesh_pool.cpp">
      <Filter>scene</Filter>
    </ClCompile>
    <ClCompile Include="lib\common\mouse_handler.cpp">
      <Filter>app</Filter>
    </ClCompile>
    <ClCompile Include="lib\systems\orientation_system.cpp">
      <Filter>system</Filter>
    </ClCompile>
    <ClCompile Include="lib\systems\parent_system.cpp">
      <Filter>system</Filter>
    </ClCompile>
    <ClCompile Include="lib\graphics\Drawable\BindComponent\pixel_shader.cpp">
      <Filter>visual</Filter>
    </ClCompile>
    <ClCompile Include="lib\exeption\pointed_exception.cpp">
      <Filter>app</Filter>
    </ClCompile>
    <ClCompile Include="lib\systems\render_system.cpp">
      <Filter>system</Filter>
    </ClCompile>
    <ClCompile Include="lib\common\Scene\scene_manager.cpp">
      <Filter>scene</Filter>
    </ClCompile>
    <ClCompile Include="lib\common\Scene\system_manager.cpp">
      <Filter>scene</Filter>
    </ClCompile>
    <ClCompile Include="lib\systems\text_render_system.cpp">
      <Filter>system</Filter>
    </ClCompile>
    <ClCompile Include="lib\systems\timed_rotationt_system.cpp">
      <Filter>system</Filter>
    </ClCompile>
    <ClCompile Include="lib\graphics\Drawable\BindComponent\vertex.cpp">
      <Filter>visual</Filter>
    </ClCompile>
    <ClCompile Include="lib\graphics\Drawable\BindComponent\vertex_shader.cpp">
      <Filter>visual</Filter>
    </ClCompile>
    <ClCompile Include="lib\graphics\Drawable\BindComponent\vertex_buffer.cpp">
      <Filter>visual</Filter>
    </ClCompile>
    <ClCompile Include="lib\common\window.cpp">
      <Filter>app</Filter>
    </ClCompile>
    <ClCompile Include="lib\systems\ui_text_render.cpp">
      <Filter>system</Filter>
    </ClCompile>
    <ClCompile Include="lib\graphics\Drawable\BindComponent\topology.cpp">
      <Filter>visual</Filter>
    </ClCompile>
    <ClCompile Include="lib\graphics\Drawable\BindComponent\texture.cpp">
      <Filter>visual</Filter>
    </ClCompile>
    <ClCompile Include="lib\systems\tile_system.cpp" />
    <ClCompile Include="..\third_party\pugixml\src\pugixml.cpp">
      <Filter>third_party\pugixml</Filter>
    </ClCompile>
    <ClCompile Include="lib\common\Scene\filters.cpp">
      <Filter>scene</Filter>
    </ClCompile>
    <ClCompile Include="lib\common\windows_message_map.cpp">
      <Filter>app</Filter>
    </ClCompile>
    <ClCompile Include="lib\common\Scene\scene_loader.cpp">
      <Filter>scene</Filter>
    </ClCompile>
    <ClCompile Include="lib\resmngr\xml_node.cpp">
      <Filter>resmngr</Filter>
    </ClCompile>
  </ItemGroup>
  <ItemGroup>
    <ClInclude Include="lib\common\geometry.h" />
    <ClInclude Include="lib\common\geometry_cast.h" />
    <ClInclude Include="lib\common\transform_utils.h" />
    <ClInclude Include="lib\Time\timer.h" />
    <ClInclude Include="lib\common\app.h">
      <Filter>app</Filter>
    </ClInclude>
    <ClInclude Include="lib\common\Scene\base_system.h">
      <Filter>scene</Filter>
    </ClInclude>
    <ClInclude Include="lib\graphics\Drawable\BindComponent\bindable_components.h">
      <Filter>scene</Filter>
    </ClInclude>
    <ClInclude Include="lib\common\Scene\Camera\camera.h">
      <Filter>scene</Filter>
    </ClInclude>
    <ClInclude Include="lib\systems\camera_controller.h">
      <Filter>system</Filter>
    </ClInclude>
    <ClInclude Include="lib\systems\cell_game.h">
      <Filter>system</Filter>
    </ClInclude>
    <ClInclude Include="lib\common\Scene\Camera\clipping_plane.h">
      <Filter>scene</Filter>
    </ClInclude>
    <ClInclude Include="lib\common\Scene\component_manager.h">
      <Filter>scene</Filter>
    </ClInclude>
    <ClInclude Include="lib\common\Scene\component_pool.h">
      <Filter>scene</Filter>
    </ClInclude>
    <ClInclude Include="lib\graphics\Drawable\BindComponent\constant_buffer.h">
      <Filter>visual</Filter>
    </ClInclude>
    <ClInclude Include="lib\direct\dxerr.h">
      <Filter>visual\directX</Filter>
    </ClInclude>
    <ClInclude Include="lib\direct\DxgiInfoManager.h">
      <Filter>app</Filter>
    </ClInclude>
    <ClInclude Include="lib\common\Scene\entity.h">
      <Filter>scene</Filter>
    </ClInclude>
    <ClInclude Include="lib\common\Scene\entity_manager.h">
      <Filter>scene</Filter>
    </ClInclude>
    <ClInclude Include="lib\common\Scene\family_generator.h">
      <Filter>scene</Filter>
    </ClInclude>
    <ClInclude Include="lib\components\game_cell.h">
      <Filter>component</Filter>
    </ClInclude>
    <ClInclude Include="lib\graphics\graphics.h">
      <Filter>app</Filter>
    </ClInclude>
    <ClInclude Include="lib\graphics\graphics_throw_macros.h">
      <Filter>app</Filter>
    </ClInclude>
    <ClInclude Include="lib\graphics\Drawable\idrawable.h">
      <Filter>visual</Filter>
    </ClInclude>
    <ClInclude Include="lib\common\Scene\icomponent_pool.h">
      <Filter>scene</Filter>
    </ClInclude>
    <ClInclude Include="lib\graphics\Drawable\BindComponent\IBindable.h">
      <Filter>visual</Filter>
    </ClInclude>
    <ClInclude Include="lib\graphics\Drawable\BindComponent\index_buffer.h">
      <Filter>visual</Filter>
    </ClInclude>
    <ClInclude Include="lib\common\input.h">
      <Filter>app</Filter>
    </ClInclude>
    <ClInclude Include="lib\common\input_handler.h">
      <Filter>app</Filter>
    </ClInclude>
    <ClInclude Include="lib\graphics\Drawable\BindComponent\input_layout.h">
      <Filter>visual</Filter>
    </ClInclude>
    <ClInclude Include="lib\components\material.h">
      <Filter>visual</Filter>
    </ClInclude>
    <ClInclude Include="lib\components\mesh.h">
      <Filter>component</Filter>
    </ClInclude>
    <ClInclude Include="lib\components\mesh_iternal.h">
      <Filter>scene</Filter>
    </ClInclude>
    <ClInclude Include="lib\common\Scene\mesh_pool.h">
      <Filter>scene</Filter>
    </ClInclude>
    <ClInclude Include="lib\common\mouse_handler.h">
      <Filter>app</Filter>
    </ClInclude>
    <ClInclude Include="lib\systems\orientation_system.h">
      <Filter>system</Filter>
    </ClInclude>
    <ClInclude Include="lib\systems\parent_system.h">
      <Filter>system</Filter>
    </ClInclude>
    <ClInclude Include="lib\exeption\pointed_exception.h">
      <Filter>app</Filter>
    </ClInclude>
    <ClInclude Include="lib\components\parent.h">
      <Filter>component</Filter>
    </ClInclude>
    <ClInclude Include="lib\components\render.h">
      <Filter>component</Filter>
    </ClInclude>
    <ClInclude Include="lib\systems\render_system.h">
      <Filter>system</Filter>
    </ClInclude>
    <ClInclude Include="lib\common\Scene\scene_base.h">
      <Filter>scene</Filter>
    </ClInclude>
    <ClInclude Include="lib\common\Scene\scene_manager.h">
      <Filter>scene</Filter>
    </ClInclude>
    <ClInclude Include="lib\common\Scene\system_manager.h">
      <Filter>scene</Filter>
    </ClInclude>
    <ClInclude Include="lib\graphics\Drawable\BindComponent\texture.h">
      <Filter>visual</Filter>
    </ClInclude>
    <ClInclude Include="lib\components\text.h">
      <Filter>component</Filter>
    </ClInclude>
    <ClInclude Include="lib\systems\text_render_system.h">
      <Filter>system</Filter>
    </ClInclude>
    <ClInclude Include="lib\systems\timed_rotationt_system.h">
      <Filter>system</Filter>
    </ClInclude>
    <ClInclude Include="lib\graphics\Drawable\BindComponent\vertex.h">
      <Filter>visual</Filter>
    </ClInclude>
    <ClInclude Include="lib\graphics\Drawable\BindComponent\vertex_shader.h">
      <Filter>visual</Filter>
    </ClInclude>
    <ClInclude Include="lib\graphics\Drawable\BindComponent\vertex_buffer.h">
      <Filter>visual</Filter>
    </ClInclude>
    <ClInclude Include="lib\common\WindowThrowMacros.h">
      <Filter>app</Filter>
    </ClInclude>
    <ClInclude Include="lib\common\window.h">
      <Filter>app</Filter>
    </ClInclude>
    <ClInclude Include="lib\systems\ui_text_render.h">
      <Filter>system</Filter>
    </ClInclude>
    <ClInclude Include="lib\components\timed_rotation.h">
      <Filter>component</Filter>
    </ClInclude>
    <ClInclude Include="lib\components\text_ui.h">
      <Filter>component</Filter>
    </ClInclude>
    <ClInclude Include="lib\graphics\Drawable\BindComponent\topology.h">
      <Filter>visual</Filter>
    </ClInclude>
    <ClInclude Include="lib\components\transform.h">
      <Filter>component</Filter>
    </ClInclude>
    <ClInclude Include="lib\graphics\Drawable\BindComponent\pixel_shader.h">
      <Filter>visual</Filter>
    </ClInclude>
    <ClInclude Include="resource.h">
      <Filter>resource</Filter>
    </ClInclude>
    <ClInclude Include="lib\components\tilemap.h" />
    <ClInclude Include="lib\systems\tile_system.h" />
    <ClInclude Include="tilemap.h" />
    <ClInclude Include="xml_parser.hpp" />
    <ClInclude Include="..\third_party\pugixml\src\pugiconfig.hpp">
      <Filter>third_party\pugixml</Filter>
    </ClInclude>
    <ClInclude Include="..\third_party\pugixml\src\pugixml.hpp">
      <Filter>third_party\pugixml</Filter>
    </ClInclude>
    <ClInclude Include="lib\resmngr\xml_node.h">
      <Filter>resmngr</Filter>
    </ClInclude>
    <ClInclude Include="lib\common\Scene\filters.h">
      <Filter>scene</Filter>
    </ClInclude>
    <ClInclude Include="lib\common\windows_message_map.h">
      <Filter>app</Filter>
    </ClInclude>
    <ClInclude Include="lib\common\Scene\scene_loader.hpp">
      <Filter>scene</Filter>
    </ClInclude>
  </ItemGroup>
  <ItemGroup>
    <Image Include="resource\test_texture.dds">
      <Filter>resource\texture</Filter>
    </Image>
    <Image Include="resource\empty.dds">
      <Filter>resource\texture</Filter>
    </Image>
  </ItemGroup>
  <ItemGroup>
    <None Include="packages.config" />
    <None Include="lib\direct\DXGetErrorString.inl">
      <Filter>visual\directX</Filter>
    </None>
    <None Include="lib\direct\DXGetErrorDescription.inl">
      <Filter>visual\directX</Filter>
    </None>
    <None Include="lib\direct\DXTrace.inl">
      <Filter>visual\directX</Filter>
    </None>
    <None Include="resource\myfile.spritefont">
      <Filter>resource\font</Filter>
    </None>
    <None Include="build\codegenerators\init.lua">
      <Filter>build\codegenerators</Filter>
    </None>
  </ItemGroup>
  <ItemGroup>
    <Filter Include="component">
      <UniqueIdentifier>{d228440a-89cf-4147-b994-b4e9c155776b}</UniqueIdentifier>
    </Filter>
    <Filter Include="app">
      <UniqueIdentifier>{3c027019-46e0-4789-8673-db77c40fda02}</UniqueIdentifier>
    </Filter>
    <Filter Include="scene">
      <UniqueIdentifier>{2e02508a-1a59-4d96-adfb-011af2f493e4}</UniqueIdentifier>
    </Filter>
    <Filter Include="system">
      <UniqueIdentifier>{8d507a13-3c87-404b-981f-d0cb11508931}</UniqueIdentifier>
    </Filter>
    <Filter Include="visual">
      <UniqueIdentifier>{f2a75eb0-21f7-484a-a95e-e99de1d2b30f}</UniqueIdentifier>
    </Filter>
    <Filter Include="visual\directX">
      <UniqueIdentifier>{6d812892-67b8-4c34-b43e-b24f3f3d7f62}</UniqueIdentifier>
    </Filter>
    <Filter Include="resource">
      <UniqueIdentifier>{1e299217-a286-4f8c-8223-043481a14fdb}</UniqueIdentifier>
    </Filter>
    <Filter Include="resource\shader">
      <UniqueIdentifier>{42557f3d-3e69-4aa6-b5f6-9fb74d5c9c97}</UniqueIdentifier>
    </Filter>
    <Filter Include="resource\texture">
      <UniqueIdentifier>{328d58f4-2332-4cfd-8415-f686d2e7c9dc}</UniqueIdentifier>
    </Filter>
    <Filter Include="resource\font">
      <UniqueIdentifier>{b888e108-6451-4abf-bb81-415993123fe8}</UniqueIdentifier>
    </Filter>
    <Filter Include="third_party">
      <UniqueIdentifier>{704c3c71-250c-48ad-82ff-2fdb61017cbf}</UniqueIdentifier>
    </Filter>
    <Filter Include="third_party\pugixml">
      <UniqueIdentifier>{c98afe7b-009e-4bcb-8769-dd37e5e17063}</UniqueIdentifier>
    </Filter>
    <Filter Include="build">
      <UniqueIdentifier>{34433bf9-3898-4af3-91a0-df6b2663cfdc}</UniqueIdentifier>
    </Filter>
    <Filter Include="build\codegenerators">
      <UniqueIdentifier>{f4adeef3-b9d7-4fa8-8036-b9e4d804952d}</UniqueIdentifier>
    </Filter>
    <Filter Include="resmngr">
      <UniqueIdentifier>{367d206e-6f77-40d7-a5fc-7b59838088ec}</UniqueIdentifier>
    </Filter>
  </ItemGroup>
  <ItemGroup>
    <Text Include="..\third_party\pugixml\readme.txt">
      <Filter>third_party\pugixml</Filter>
    </Text>
  </ItemGroup>
</Project>